github.com/darkoatanasovski/htmltags v1.0.0 h1:EP3O8c3vcEIotu9Dp6lDq8OWor4rYSf4mc/zORJbT5M=
github.com/darkoatanasovski/htmltags v1.0.0/go.mod h1:FKYjT6COoJLfTjWbOcFW21/GCl8rHvgBQNZS2KpfPMU=
github.com/fatih/color v1.6.0/go.mod h1:Zm6kSWBoL9eyXnKyktHP6abPY2pDugNf5KwzbycvMj4=
github.com/google/uuid v1.6.0 h1:NIvaJDMOsjHA8n1jAhLSgzrAzy1Hgr+hNrb57e+94F0=
github.com/google/uuid v1.6.0/go.mod h1:TIyPZe4MgqvfeYDBFedMoGGpEw/LqOeaOT+nhxU+yHo=
github.com/gouniverse/api v1.5.0 h1:3AJecTtHXQ0wToPUlEixUa0waU15/PtUdFMrLB+jveQ=
github.com/gouniverse/api v1.5.0/go.mod h1:u67bggZW1AGuWD268jBRP//POnGDxgyfP8dV8+i5G+c=
github.com/gouniverse/bs v0.11.0 h1:uFXciu3mLjyOhRIKxC3k1195WSWOLKb4N8coxoOjryQ=
github.com/gouniverse/bs v0.11.0/go.mod h1:fgFs6A9DmyKneGakyR1d6bbT7/midzl3OZIkB+VrJpI=
github.com/gouniverse/cdn v1.4.1 h1:iM6bxr6tA17qTNp/ad55S7oqfSKcgRZql7/+UAkKsr0=
github.com/gouniverse/cdn v1.4.1/go.mod h1:AEc+jQZiEAYyRw6jaPctb+JWvj6Mh3YXCMT1vS7og1U=
github.com/gouniverse/crypto v0.2.0 h1:7ppqn9FrwrlC6nTfgVBnEop5cKBFNEZyP5yXoUH7MZ0=
github.com/gouniverse/crypto v0.2.0/go.mod h1:uWfzSf1dsYyij6yrVTdxuLFfLZIvSJu24+x3sj+DLXU=
github.com/gouniverse/dataobject v0.3.0 h1:4m6zH8q3/Z159MrkX64gZO884SC2RE35FFzM186ohU8=
github.com/gouniverse/dataobject v0.3.0/go.mod h1:kGYa0bv14xCmkTCW2CpF9dIkh+S1N3O04c5eJY1jFqg=
github.com/gouniverse/envenc v0.3.0 h1:6lVBGbl49CbMOjOg9z6yMepJ1ibVME4RnA0vTIbDhNw=
github.com/gouniverse/envenc v0.3.0/go.mod h1:pEP46lMeAbTRW8ArR0b/bkxRC1BPe8A59aNKquPp7OU=
github.com/gouniverse/hb v1.73.1 h1:tIZjfup8drVHysX5BAhmehNQAS7JCqAHKg/aFN7i8qc=
github.com/gouniverse/hb v1.73.1/go.mod h1:EcZD8jcablV++XcrRBgoTK3I5BWQRGkbpccFaNtvZwA=
github.com/gouniverse/icons v1.3.0 h1:GzKzjfxDxSdJt7qFv3Qb2vr0O3NgfVBDmH7TJy+X3tk=
github.com/gouniverse/icons v1.3.0/go.mod h1:s/8uu1UY8LL9e8hfJONQBTI0np9zG6FMqq2gbENqoZU=
github.com/gouniverse/responses v0.6.0 h1:34KYyxYUqyXDslAuJMEKp5rM4CWpR23jmUwDaR0gJKo=
github.com/gouniverse/responses v0.6.0/go.mod h1:y9k4LpZHjzyvXybtGX8W9/Jb2oIDIhT0kP3Oy63rFg4=
github.com/gouniverse/uid v1.5.0 h1:evyGegnY7+KeYirDhJntI9xmODf8jPMQw8DlMpQIPnM=
github.com/gouniverse/uid v1.5.0/go.mod h1:06dzYTyBLOu+iRlKZ8GxzEfgDSLyoZwgKns9Fcvt7G4=
github.com/gouniverse/uncdn v0.7.4 h1:Po7TpNpK+ZBpo6qTNgopmSvA+zdQB9g+dEIaYKE0n98=
github.com/gouniverse/uncdn v0.7.4/go.mod h1:ipvItAUbddR3KHefw/cwClCT3T4T/c9BPRu45pfIvME=
github.com/gouniverse/utils v1.39.0 h1:zaoj1e1OB6yTdRMw7W5nw4U7yfZdEp3s99tx/vXFhCI=
github.com/gouniverse/utils v1.39.0/go.mod h1:+kksjLXAIqQtX+NtLPtWR6PJ3u3W00nOZAqpBiYmEf8=
github.com/joho/godotenv v1.5.1 h1:7eLL/+HRGLY0ldzfGMeQkb7vMd0as4CfYvUVzLqw0N0=
github.com/joho/godotenv v1.5.1/go.mod h1:f4LDr5Voq0i2e/R5DDNOoa2zzDfwtkZa6DnEwAbqwq4=
github.com/jordan-wright/email v4.0.1-0.20210109023952-943e75fe5223+incompatible h1:jdpOPRN1zP63Td1hDQbZW73xKmzDvZHzVdNYxhnTMDA=
github.com/jordan-wright/email v4.0.1-0.20210109023952-943e75fe5223+incompatible/go.mod h1:1c7szIrayyPPB/987hsnvNzLushdWf4o/79s3P08L8A=
github.com/logrusorgru/aurora v2.0.3+incompatible h1:tOpm7WcpBTn4fjmVfgpQq0EfczGlG91VSDkswnjF5A8=
github.com/logrusorgru/aurora v2.0.3+incompatible/go.mod h1:7rIyQOR62GCctdiQpZ/zOJlFyk6y+94wXzv6RNZgaR4=
github.com/mattn/go-colorable v0.0.9/go.mod h1:9vuHe8Xs5qXnSaW/c/ABM9alt+Vo+STaOChaDxuIBZU=
github.com/mattn/go-colorable v0.1.13 h1:fFA4WZxdEF4tXPZVKMLwD8oUnCTTo08duU7wxecdEvA=
github.com/mattn/go-colorable v0.1.13/go.mod h1:7S9/ev0klgBDR4GtXTXX8a3vIGJpMovkB8vQcUbaXHg=
github.com/mattn/go-isatty v0.0.3/go.mod h1:M+lRXTBqGeGNdLjl/ufCoiOlB5xdOkqRJdNxMWT7Zi4=
github.com/mattn/go-isatty v0.0.16/go.mod h1:kYGgaQfpe5nmfYZH+SKPsOc2e4SrIfOl2e/yFXSvRLM=
github.com/mattn/go-isatty v0.0.20 h1:xfD0iDuEKnDkl03q4limB+vH+GxLEtL/jb4xVJSWWEY=
github.com/mattn/go-isatty v0.0.20/go.mod h1:W+V8PltTTMOvKvAeJH7IuucS94S2C6jfK/D7dTCTo3Y=
github.com/mingrammer/cfmt v1.1.0 h1:fAALVQC+aa20fCvghuB5W6zBAAsGWKGdcZmexpPrvwo=
github.com/mingrammer/cfmt v1.1.0/go.mod h1:Jqg1Lq43AMo3ggnIEpvIDbca1VSvdHDg0H13eDG+/ys=
github.com/samber/lo v1.39.0 h1:4gTz1wUhNYLhFSKl6O+8peW0v2F4BCY034GRpU9WnuA=
github.com/samber/lo v1.39.0/go.mod h1:+m/ZKRl6ClXCE2Lgf3MsQlWfh4bn1bz6CXEOxnEXnEA=
golang.org/x/crypto v0.23.0 h1:dIJU/v2J8Mdglj/8rJ6UUOM3Zc9zLZxVZwwxMooUSAI=
golang.org/x/crypto v0.23.0/go.mod h1:CKFgDieR+mRhux2Lsu27y0fO304Db0wZe70UKqHu0v8=
golang.org/x/exp v0.0.0-20240506185415-9bf2ced13842 h1:vr/HnozRka3pE4EsMEg1lgkXJkTFJCVUX+S/ZT6wYzM=
golang.org/x/exp v0.0.0-20240506185415-9bf2ced13842/go.mod h1:XtvwrStGgqGPLc4cjQfWqZHG1YFdYs6swckp8vpsjnc=
golang.org/x/net v0.25.0 h1:d/OCCoBEUq33pjydKrGQhw7IlUPI2Oylr+8qLx49kac=
golang.org/x/net v0.25.0/go.mod h1:JkAGAh7GEvH74S6FOH42FLoXpXbE/aqXSrIQjXgsiwM=
golang.org/x/sys v0.0.0-20180315095008-cc7307a45468/go.mod h1:STP8DvDyc/dI5b8T5hshtkjS+E42TnysNCUPdjciGhY=
golang.org/x/sys v0.0.0-20220811171246-fbc7d0a398ab/go.mod h1:oPkhp1MJrh7nUepCBck5+mAzfO9JrbApNNgaTdGDITg=
golang.org/x/sys v0.6.0/go.mod h1:oPkhp1MJrh7nUepCBck5+mAzfO9JrbApNNgaTdGDITg=
golang.org/x/sys v0.20.0 h1:Od9JTbYCk261bKm4M/mw7AklTlFYIa0bIp9BgSm1S8Y=
golang.org/x/sys v0.20.0/go.mod h1:/VUhepiaJMQUp4+oa/7Zr1D23ma6VTLIYjOOTFZPUcA=
golang.org/x/term v0.20.0 h1:VnkxpohqXaOBYJtBmEppKUG6mXpi+4O6purfc2+sMhw=
golang.org/x/term v0.20.0/go.mod h1:8UkIAJTvZgivsXaD6/pH6U9ecQzZ45awqEOzuCvwpFY=
golang.org/x/text v0.15.0 h1:h1V/4gjBv8v9cjcR6+AR5+/cIYK5N/WAgiv4xlsEtAk=
golang.org/x/text v0.15.0/go.mod h1:18ZOQIKpY8NJVqYksKHtTdi31H5itFRjB5/qKTNYzSU=
