github.com/darkoatanasovski/htmltags v1.0.0 h1:EP3O8c3vcEIotu9Dp6lDq8OWor4rYSf4mc/zORJbT5M=
github.com/darkoatanasovski/htmltags v1.0.0/go.mod h1:FKYjT6COoJLfTjWbOcFW21/GCl8rHvgBQNZS2KpfPMU=
github.com/fatih/color v1.6.0/go.mod h1:Zm6kSWBoL9eyXnKyktHP6abPY2pDugNf5KwzbycvMj4=
github.com/google/uuid v1.6.0 h1:NIvaJDMOsjHA8n1jAhLSgzrAzy1Hgr+hNrb57e+94F0=
github.com/google/uuid v1.6.0/go.mod h1:TIyPZe4MgqvfeYDBFedMoGGpEw/LqOeaOT+nhxU+yHo=
github.com/gouniverse/api v1.5.0 h1:3AJecTtHXQ0wToPUlEixUa0waU15/PtUdFMrLB+jveQ=
github.com/gouniverse/api v1.5.0/go.mod h1:u67bggZW1AGuWD268jBRP//POnGDxgyfP8dV8+i5G+c=
github.com/gouniverse/bs v0.11.1 h1:aKujB7oA99FjKpDX+vm4BbGZLSSEyqfFqutzLV/UdWg=
github.com/gouniverse/bs v0.11.1/go.mod h1:Uc7Z9KppuUDdpPiwSoBIYole0c1jHgfMCUqVzkk2mlc=
github.com/gouniverse/cdn v1.5.0 h1:fAyFCOjlIBeDtanbGFlBlkvbfGQZswSRoWoA0vJrQFw=
github.com/gouniverse/cdn v1.5.0/go.mod h1:sVnmFvpaG04winyiB2zgpfsXU0FUtIu5e2nDoO6kqVM=
github.com/gouniverse/crypto v0.2.0 h1:7ppqn9FrwrlC6nTfgVBnEop5cKBFNEZyP5yXoUH7MZ0=
github.com/gouniverse/crypto v0.2.0/go.mod h1:uWfzSf1dsYyij6yrVTdxuLFfLZIvSJu24+x3sj+DLXU=
github.com/gouniverse/dataobject v0.3.0 h1:4m6zH8q3/Z159MrkX64gZO884SC2RE35FFzM186ohU8=
github.com/gouniverse/dataobject v0.3.0/go.mod h1:kGYa0bv14xCmkTCW2CpF9dIkh+S1N3O04c5eJY1jFqg=
github.com/gouniverse/envenc v0.4.0 h1:zdb0O0DbgBuYwqQ4OXPi8YxjG4LngrkqsOoq16/fF9U=
github.com/gouniverse/envenc v0.4.0/go.mod h1:W2DluuJ/bx1E2KjNB9pJEFmUgXsD5LbGZojmW9dt9NE=
github.com/gouniverse/hb v1.74.0 h1:/SJOtPztsmBPA84vJ96CwSB0GEuBbb219lswtYBDXRc=
github.com/gouniverse/hb v1.74.0/go.mod h1:NpqGB1C2XmuG8RemolepbiKWLdL9UDqYTdT3IoNRv1g=
github.com/gouniverse/icons v1.3.1 h1:CCiBmWRkUcREX1nSvW9lJD6IjII3m6LZJkKd3y/PhdI=
github.com/gouniverse/icons v1.3.1/go.mod h1:VR4mbFpJyWeFmoNAicVAyBJ2LsxOyB04e+DxnqY4cCU=
github.com/gouniverse/responses v0.6.0 h1:34KYyxYUqyXDslAuJMEKp5rM4CWpR23jmUwDaR0gJKo=
github.com/gouniverse/responses v0.6.0/go.mod h1:y9k4LpZHjzyvXybtGX8W9/Jb2oIDIhT0kP3Oy63rFg4=
github.com/gouniverse/uid v1.5.0 h1:evyGegnY7+KeYirDhJntI9xmODf8jPMQw8DlMpQIPnM=
github.com/gouniverse/uid v1.5.0/go.mod h1:06dzYTyBLOu+iRlKZ8GxzEfgDSLyoZwgKns9Fcvt7G4=
github.com/gouniverse/uncdn v0.7.4 h1:Po7TpNpK+ZBpo6qTNgopmSvA+zdQB9g+dEIaYKE0n98=
github.com/gouniverse/uncdn v0.7.4/go.mod h1:ipvItAUbddR3KHefw/cwClCT3T4T/c9BPRu45pfIvME=
github.com/gouniverse/utils v1.40.0 h1:CseZ2aBi0t+KNGs5fBjvB9q+qImYmys5QwxUqrJXR48=
github.com/gouniverse/utils v1.40.0/go.mod h1:9KFDslOea4mRqcwbSsgu5soC2EBpD6FcwrVRyVoxD+k=
github.com/joho/godotenv v1.5.1 h1:7eLL/+HRGLY0ldzfGMeQkb7vMd0as4CfYvUVzLqw0N0=
github.com/joho/godotenv v1.5.1/go.mod h1:f4LDr5Voq0i2e/R5DDNOoa2zzDfwtkZa6DnEwAbqwq4=
github.com/jordan-wright/email v4.0.1-0.20210109023952-943e75fe5223+incompatible h1:jdpOPRN1zP63Td1hDQbZW73xKmzDvZHzVdNYxhnTMDA=
github.com/jordan-wright/email v4.0.1-0.20210109023952-943e75fe5223+incompatible/go.mod h1:1c7szIrayyPPB/987hsnvNzLushdWf4o/79s3P08L8A=
github.com/logrusorgru/aurora v2.0.3+incompatible h1:tOpm7WcpBTn4fjmVfgpQq0EfczGlG91VSDkswnjF5A8=
github.com/logrusorgru/aurora v2.0.3+incompatible/go.mod h1:7rIyQOR62GCctdiQpZ/zOJlFyk6y+94wXzv6RNZgaR4=
github.com/mattn/go-colorable v0.0.9/go.mod h1:9vuHe8Xs5qXnSaW/c/ABM9alt+Vo+STaOChaDxuIBZU=
github.com/mattn/go-colorable v0.1.13 h1:fFA4WZxdEF4tXPZVKMLwD8oUnCTTo08duU7wxecdEvA=
github.com/mattn/go-colorable v0.1.13/go.mod h1:7S9/ev0klgBDR4GtXTXX8a3vIGJpMovkB8vQcUbaXHg=
github.com/mattn/go-isatty v0.0.3/go.mod h1:M+lRXTBqGeGNdLjl/ufCoiOlB5xdOkqRJdNxMWT7Zi4=
github.com/mattn/go-isatty v0.0.16/go.mod h1:kYGgaQfpe5nmfYZH+SKPsOc2e4SrIfOl2e/yFXSvRLM=
github.com/mattn/go-isatty v0.0.20 h1:xfD0iDuEKnDkl03q4limB+vH+GxLEtL/jb4xVJSWWEY=
github.com/mattn/go-isatty v0.0.20/go.mod h1:W+V8PltTTMOvKvAeJH7IuucS94S2C6jfK/D7dTCTo3Y=
github.com/mingrammer/cfmt v1.1.0 h1:fAALVQC+aa20fCvghuB5W6zBAAsGWKGdcZmexpPrvwo=
github.com/mingrammer/cfmt v1.1.0/go.mod h1:Jqg1Lq43AMo3ggnIEpvIDbca1VSvdHDg0H13eDG+/ys=
github.com/samber/lo v1.47.0 h1:z7RynLwP5nbyRscyvcD043DWYoOcYRv3mV8lBeqOCLc=
github.com/samber/lo v1.47.0/go.mod h1:RmDH9Ct32Qy3gduHQuKJ3gW1fMHAnE/fAzQuf6He5cU=
golang.org/x/crypto v0.26.0 h1:RrRspgV4mU+YwB4FYnuBoKsUapNIL5cohGAmSH3azsw=
golang.org/x/crypto v0.26.0/go.mod h1:GY7jblb9wI+FOo5y8/S2oY4zWP07AkOJ4+jxCqdqn54=
golang.org/x/net v0.28.0 h1:a9JDOJc5GMUJ0+UDqmLT86WiEy7iWyIhz8gz8E4e5hE=
golang.org/x/net v0.28.0/go.mod h1:yqtgsTWOOnlGLG9GFRrK3++bGOUEkNBoHZc8MEDWPNg=
golang.org/x/sys v0.0.0-20180315095008-cc7307a45468/go.mod h1:STP8DvDyc/dI5b8T5hshtkjS+E42TnysNCUPdjciGhY=
golang.org/x/sys v0.0.0-20220811171246-fbc7d0a398ab/go.mod h1:oPkhp1MJrh7nUepCBck5+mAzfO9JrbApNNgaTdGDITg=
golang.org/x/sys v0.6.0/go.mod h1:oPkhp1MJrh7nUepCBck5+mAzfO9JrbApNNgaTdGDITg=
golang.org/x/sys v0.24.0 h1:Twjiwq9dn6R1fQcyiK+wQyHWfaz/BJB+YIpzU/Cv3Xg=
golang.org/x/sys v0.24.0/go.mod h1:/VUhepiaJMQUp4+oa/7Zr1D23ma6VTLIYjOOTFZPUcA=
golang.org/x/term v0.23.0 h1:F6D4vR+EHoL9/sWAWgAR1H2DcHr4PareCbAaCo1RpuU=
golang.org/x/term v0.23.0/go.mod h1:DgV24QBUrK6jhZXl+20l6UWznPlwAHm1Q1mGHtydmSk=
golang.org/x/text v0.17.0 h1:XtiM5bkSOt+ewxlOE/aE/AKEHibwj/6gvWMl9Rsh0Qc=
golang.org/x/text v0.17.0/go.mod h1:BuEKDfySbSR4drPmRPG/7iBdf8hvFMuRexcpahXilzY=
