github.com/darkoatanasovski/htmltags v1.0.0 h1:EP3O8c3vcEIotu9Dp6lDq8OWor4rYSf4mc/zORJbT5M=
github.com/darkoatanasovski/htmltags v1.0.0/go.mod h1:FKYjT6COoJLfTjWbOcFW21/GCl8rHvgBQNZS2KpfPMU=
github.com/gouniverse/api v1.5.0 h1:3AJecTtHXQ0wToPUlEixUa0waU15/PtUdFMrLB+jveQ=
github.com/gouniverse/api v1.5.0/go.mod h1:u67bggZW1AGuWD268jBRP//POnGDxgyfP8dV8+i5G+c=
github.com/gouniverse/bs v0.10.1 h1:u15WHMtuI3XeXQbRa+O1HjiCebS0tvIC1DwAmTTMrZU=
github.com/gouniverse/bs v0.10.1/go.mod h1:mKUEmcKXc7UzODT5MTtNQWQ2Ddqmic0PAzMU9Xw5/HQ=
github.com/gouniverse/cdn v1.3.0 h1:CcsqJ9tpWCxPHgpy/wjt+8oXr9Gvnwvf4lK777emv9w=
github.com/gouniverse/cdn v1.3.0/go.mod h1:AEc+jQZiEAYyRw6jaPctb+JWvj6Mh3YXCMT1vS7og1U=
github.com/gouniverse/hb v1.71.1 h1:7EZjGzeL1mrd4TZbmWkcX/ywIT3TSA4snJcpCMi2eGM=
github.com/gouniverse/hb v1.71.1/go.mod h1:oFDsiwpgM7TNBIla8YNbEbMlTYGNGs7wj1kVobb5CRI=
github.com/gouniverse/icons v1.3.0 h1:GzKzjfxDxSdJt7qFv3Qb2vr0O3NgfVBDmH7TJy+X3tk=
github.com/gouniverse/icons v1.3.0/go.mod h1:s/8uu1UY8LL9e8hfJONQBTI0np9zG6FMqq2gbENqoZU=
github.com/gouniverse/responses v0.4.0 h1:eupC8LBnQ7/u/xJrHCnZ989VycUZ2/x7WMe84isNi1g=
github.com/gouniverse/responses v0.4.0/go.mod h1:hszJpLrEiH5Hvv4DPBHFQYL0aPxMNgpjmajqCLeI/vE=
github.com/gouniverse/uncdn v0.7.4 h1:Po7TpNpK+ZBpo6qTNgopmSvA+zdQB9g+dEIaYKE0n98=
github.com/gouniverse/uncdn v0.7.4/go.mod h1:ipvItAUbddR3KHefw/cwClCT3T4T/c9BPRu45pfIvME=
github.com/gouniverse/utils v1.37.0 h1:DPsB8fdj7BSduysaS1w9blmCChahFuD8fOhR294v4zM=
github.com/gouniverse/utils v1.37.0/go.mod h1:yktn4RXk7++KwQ25NivzoDIebMD/EjAy6uiL2jnDrFg=
github.com/joho/godotenv v1.5.1 h1:7eLL/+HRGLY0ldzfGMeQkb7vMd0as4CfYvUVzLqw0N0=
github.com/joho/godotenv v1.5.1/go.mod h1:f4LDr5Voq0i2e/R5DDNOoa2zzDfwtkZa6DnEwAbqwq4=
github.com/jordan-wright/email v4.0.1-0.20210109023952-943e75fe5223+incompatible h1:jdpOPRN1zP63Td1hDQbZW73xKmzDvZHzVdNYxhnTMDA=
github.com/jordan-wright/email v4.0.1-0.20210109023952-943e75fe5223+incompatible/go.mod h1:1c7szIrayyPPB/987hsnvNzLushdWf4o/79s3P08L8A=
github.com/samber/lo v1.39.0 h1:4gTz1wUhNYLhFSKl6O+8peW0v2F4BCY034GRpU9WnuA=
github.com/samber/lo v1.39.0/go.mod h1:+m/ZKRl6ClXCE2Lgf3MsQlWfh4bn1bz6CXEOxnEXnEA=
golang.org/x/crypto v0.18.0 h1:PGVlW0xEltQnzFZ55hkuX5+KLyrMYhHld1YHO4AKcdc=
golang.org/x/crypto v0.18.0/go.mod h1:R0j02AL6hcrfOiy9T4ZYp/rcWeMxM3L6QYxlOuEG1mg=
golang.org/x/exp v0.0.0-20240112132812-db7319d0e0e3 h1:hNQpMuAJe5CtcUqCXaWga3FHu+kQvCqcsoVaQgSV60o=
golang.org/x/exp v0.0.0-20240112132812-db7319d0e0e3/go.mod h1:idGWGoKP1toJGkd5/ig9ZLuPcZBC3ewk7SzmH0uou08=
golang.org/x/net v0.20.0 h1:aCL9BSgETF1k+blQaYUBx9hJ9LOGP3gAVemcZlf1Kpo=
golang.org/x/net v0.20.0/go.mod h1:z8BVo6PvndSri0LbOE3hAn0apkU+1YvI6E70E9jsnvY=
golang.org/x/text v0.14.0 h1:ScX5w1eTa3QqT8oi6+ziP7dTV1S2+ALU0bI+0zXKWiQ=
golang.org/x/text v0.14.0/go.mod h1:18ZOQIKpY8NJVqYksKHtTdi31H5itFRjB5/qKTNYzSU=
